
Microsoft Visual Studio Solution File, Format Version 12.00
# Visual Studio 2012
Project("{FAE04EC0-301F-11D3-BF4B-00C04F79EFBC}") = "Permisos de obras", "Permisos de obras\Permisos de obras.csproj", "{239F17B4-C0E8-4461-8EB5-B066007E8116}"
EndProject
Global
	GlobalSection(SolutionConfigurationPlatforms) = preSolution
		Debug|Any CPU = Debug|Any CPU
		Release|Any CPU = Release|Any CPU
	EndGlobalSection
	GlobalSection(ProjectConfigurationPlatforms) = postSolution
		{239F17B4-C0E8-4461-8EB5-B066007E8116}.Debug|Any CPU.ActiveCfg = Debug|Any CPU
		{239F17B4-C0E8-4461-8EB5-B066007E8116}.Debug|Any CPU.Build.0 = Debug|Any CPU
		{239F17B4-C0E8-4461-8EB5-B066007E8116}.Release|Any CPU.ActiveCfg = Release|Any CPU
		{239F17B4-C0E8-4461-8EB5-B066007E8116}.Release|Any CPU.Build.0 = Release|Any CPU
	EndGlobalSection
	GlobalSection(SolutionProperties) = preSolution
		HideSolutionNode = FALSE
	EndGlobalSection
EndGlobal
